// !$*UTF8*$!
{
	archiveVersion = 1;
	classes = {
	};
	objectVersion = 46;
	objects = {

/* Begin PBXBuildFile section */
		7D46A7B61E77F2B6005B0665 /* QdtFilterCollectionCell.m in Sources */ = {isa = PBXBuildFile; fileRef = 7D46A7B51E77F2B6005B0665 /* QdtFilterCollectionCell.m */; };
		7D46A7B91E78CF2F005B0665 /* QdtFilterCollectionModel.m in Sources */ = {isa = PBXBuildFile; fileRef = 7D46A7B81E78CF2F005B0665 /* QdtFilterCollectionModel.m */; };
		7D46A7C11E791288005B0665 /* customerfilter_dot@2x.png in Resources */ = {isa = PBXBuildFile; fileRef = 7D46A7BA1E791288005B0665 /* customerfilter_dot@2x.png */; };
		7D46A7C21E791288005B0665 /* customerfilter_dot@3x.png in Resources */ = {isa = PBXBuildFile; fileRef = 7D46A7BB1E791288005B0665 /* customerfilter_dot@3x.png */; };
		7D46A7C31E791288005B0665 /* customerfilter_multi_checked@2x.png in Resources */ = {isa = PBXBuildFile; fileRef = 7D46A7BC1E791288005B0665 /* customerfilter_multi_checked@2x.png */; };
		7D46A7C41E791288005B0665 /* customerfilter_muti_unchecked@2x.png in Resources */ = {isa = PBXBuildFile; fileRef = 7D46A7BD1E791288005B0665 /* customerfilter_muti_unchecked@2x.png */; };
		7D46A7C51E791288005B0665 /* customerfilter_muti_unchecked@3x.png in Resources */ = {isa = PBXBuildFile; fileRef = 7D46A7BE1E791288005B0665 /* customerfilter_muti_unchecked@3x.png */; };
		7D46A7C61E791288005B0665 /* customerfilter_single_checked@2x.png in Resources */ = {isa = PBXBuildFile; fileRef = 7D46A7BF1E791288005B0665 /* customerfilter_single_checked@2x.png */; };
		7D46A7C71E791288005B0665 /* customerfilter_single_checked@3x.png in Resources */ = {isa = PBXBuildFile; fileRef = 7D46A7C01E791288005B0665 /* customerfilter_single_checked@3x.png */; };
		7D46A7C91E7913B0005B0665 /* customerfilter_multi_checked@3x.png in Resources */ = {isa = PBXBuildFile; fileRef = 7D46A7C81E7913B0005B0665 /* customerfilter_multi_checked@3x.png */; };
		7D4F20E51E7797B9009DF742 /* main.m in Sources */ = {isa = PBXBuildFile; fileRef = 7D4F20E41E7797B9009DF742 /* main.m */; };
		7D4F20E81E7797B9009DF742 /* AppDelegate.m in Sources */ = {isa = PBXBuildFile; fileRef = 7D4F20E71E7797B9009DF742 /* AppDelegate.m */; };
		7D4F20EB1E7797B9009DF742 /* ViewController.m in Sources */ = {isa = PBXBuildFile; fileRef = 7D4F20EA1E7797B9009DF742 /* ViewController.m */; };
		7D4F20EE1E7797B9009DF742 /* Main.storyboard in Resources */ = {isa = PBXBuildFile; fileRef = 7D4F20EC1E7797B9009DF742 /* Main.storyboard */; };
		7D4F20F01E7797B9009DF742 /* Assets.xcassets in Resources */ = {isa = PBXBuildFile; fileRef = 7D4F20EF1E7797B9009DF742 /* Assets.xcassets */; };
		7D4F20F31E7797B9009DF742 /* LaunchScreen.storyboard in Resources */ = {isa = PBXBuildFile; fileRef = 7D4F20F11E7797B9009DF742 /* LaunchScreen.storyboard */; };
		7D4F20FE1E7797B9009DF742 /* QDT_FilterTests.m in Sources */ = {isa = PBXBuildFile; fileRef = 7D4F20FD1E7797B9009DF742 /* QDT_FilterTests.m */; };
		7D4F21091E7797B9009DF742 /* QDT_FilterUITests.m in Sources */ = {isa = PBXBuildFile; fileRef = 7D4F21081E7797B9009DF742 /* QDT_FilterUITests.m */; };
		7D4F21181E7797ED009DF742 /* Qdt_Filter.m in Sources */ = {isa = PBXBuildFile; fileRef = 7D4F21171E7797ED009DF742 /* Qdt_Filter.m */; };
		7D4F211A1E77981E009DF742 /* Qdt_Filter.xib in Resources */ = {isa = PBXBuildFile; fileRef = 7D4F21191E77981E009DF742 /* Qdt_Filter.xib */; };
		7D4F211D1E77BF1A009DF742 /* QdtFilterBaseModel.m in Sources */ = {isa = PBXBuildFile; fileRef = 7D4F211C1E77BF1A009DF742 /* QdtFilterBaseModel.m */; };
		7D4F21201E77C50B009DF742 /* QdtFilterCategory.m in Sources */ = {isa = PBXBuildFile; fileRef = 7D4F211F1E77C50B009DF742 /* QdtFilterCategory.m */; };
/* End PBXBuildFile section */

/* Begin PBXContainerItemProxy section */
		7D4F20FA1E7797B9009DF742 /* PBXContainerItemProxy */ = {
			isa = PBXContainerItemProxy;
			containerPortal = 7D4F20D81E7797B9009DF742 /* Project object */;
			proxyType = 1;
			remoteGlobalIDString = 7D4F20DF1E7797B9009DF742;
			remoteInfo = QDT_Filter;
		};
		7D4F21051E7797B9009DF742 /* PBXContainerItemProxy */ = {
			isa = PBXContainerItemProxy;
			containerPortal = 7D4F20D81E7797B9009DF742 /* Project object */;
			proxyType = 1;
			remoteGlobalIDString = 7D4F20DF1E7797B9009DF742;
			remoteInfo = QDT_Filter;
		};
/* End PBXContainerItemProxy section */

/* Begin PBXFileReference section */
		7D46A7B41E77F2B6005B0665 /* QdtFilterCollectionCell.h */ = {isa = PBXFileReference; fileEncoding = 4; lastKnownFileType = sourcecode.c.h; path = QdtFilterCollectionCell.h; sourceTree = "<group>"; };
		7D46A7B51E77F2B6005B0665 /* QdtFilterCollectionCell.m */ = {isa = PBXFileReference; fileEncoding = 4; lastKnownFileType = sourcecode.c.objc; path = QdtFilterCollectionCell.m; sourceTree = "<group>"; };
		7D46A7B71E78CF2F005B0665 /* QdtFilterCollectionModel.h */ = {isa = PBXFileReference; fileEncoding = 4; lastKnownFileType = sourcecode.c.h; path = QdtFilterCollectionModel.h; sourceTree = "<group>"; };
		7D46A7B81E78CF2F005B0665 /* QdtFilterCollectionModel.m */ = {isa = PBXFileReference; fileEncoding = 4; lastKnownFileType = sourcecode.c.objc; path = QdtFilterCollectionModel.m; sourceTree = "<group>"; };
		7D46A7BA1E791288005B0665 /* customerfilter_dot@2x.png */ = {isa = PBXFileReference; lastKnownFileType = image.png; path = "customerfilter_dot@2x.png"; sourceTree = "<group>"; };
		7D46A7BB1E791288005B0665 /* customerfilter_dot@3x.png */ = {isa = PBXFileReference; lastKnownFileType = image.png; path = "customerfilter_dot@3x.png"; sourceTree = "<group>"; };
		7D46A7BC1E791288005B0665 /* customerfilter_multi_checked@2x.png */ = {isa = PBXFileReference; lastKnownFileType = image.png; path = "customerfilter_multi_checked@2x.png"; sourceTree = "<group>"; };
		7D46A7BD1E791288005B0665 /* customerfilter_muti_unchecked@2x.png */ = {isa = PBXFileReference; lastKnownFileType = image.png; path = "customerfilter_muti_unchecked@2x.png"; sourceTree = "<group>"; };
		7D46A7BE1E791288005B0665 /* customerfilter_muti_unchecked@3x.png */ = {isa = PBXFileReference; lastKnownFileType = image.png; path = "customerfilter_muti_unchecked@3x.png"; sourceTree = "<group>"; };
		7D46A7BF1E791288005B0665 /* customerfilter_single_checked@2x.png */ = {isa = PBXFileReference; lastKnownFileType = image.png; path = "customerfilter_single_checked@2x.png"; sourceTree = "<group>"; };
		7D46A7C01E791288005B0665 /* customerfilter_single_checked@3x.png */ = {isa = PBXFileReference; lastKnownFileType = image.png; path = "customerfilter_single_checked@3x.png"; sourceTree = "<group>"; };
		7D46A7C81E7913B0005B0665 /* customerfilter_multi_checked@3x.png */ = {isa = PBXFileReference; lastKnownFileType = image.png; path = "customerfilter_multi_checked@3x.png"; sourceTree = "<group>"; };
		7D4F20E01E7797B9009DF742 /* QDT_Filter.app */ = {isa = PBXFileReference; explicitFileType = wrapper.application; includeInIndex = 0; path = QDT_Filter.app; sourceTree = BUILT_PRODUCTS_DIR; };
		7D4F20E41E7797B9009DF742 /* main.m */ = {isa = PBXFileReference; lastKnownFileType = sourcecode.c.objc; path = main.m; sourceTree = "<group>"; };
		7D4F20E61E7797B9009DF742 /* AppDelegate.h */ = {isa = PBXFileReference; lastKnownFileType = sourcecode.c.h; path = AppDelegate.h; sourceTree = "<group>"; };
		7D4F20E71E7797B9009DF742 /* AppDelegate.m */ = {isa = PBXFileReference; lastKnownFileType = sourcecode.c.objc; path = AppDelegate.m; sourceTree = "<group>"; };
		7D4F20E91E7797B9009DF742 /* ViewController.h */ = {isa = PBXFileReference; lastKnownFileType = sourcecode.c.h; path = ViewController.h; sourceTree = "<group>"; };
		7D4F20EA1E7797B9009DF742 /* ViewController.m */ = {isa = PBXFileReference; lastKnownFileType = sourcecode.c.objc; path = ViewController.m; sourceTree = "<group>"; };
		7D4F20ED1E7797B9009DF742 /* Base */ = {isa = PBXFileReference; lastKnownFileType = file.storyboard; name = Base; path = Base.lproj/Main.storyboard; sourceTree = "<group>"; };
		7D4F20EF1E7797B9009DF742 /* Assets.xcassets */ = {isa = PBXFileReference; lastKnownFileType = folder.assetcatalog; path = Assets.xcassets; sourceTree = "<group>"; };
		7D4F20F21E7797B9009DF742 /* Base */ = {isa = PBXFileReference; lastKnownFileType = file.storyboard; name = Base; path = Base.lproj/LaunchScreen.storyboard; sourceTree = "<group>"; };
		7D4F20F41E7797B9009DF742 /* Info.plist */ = {isa = PBXFileReference; lastKnownFileType = text.plist.xml; path = Info.plist; sourceTree = "<group>"; };
		7D4F20F91E7797B9009DF742 /* QDT_FilterTests.xctest */ = {isa = PBXFileReference; explicitFileType = wrapper.cfbundle; includeInIndex = 0; path = QDT_FilterTests.xctest; sourceTree = BUILT_PRODUCTS_DIR; };
		7D4F20FD1E7797B9009DF742 /* QDT_FilterTests.m */ = {isa = PBXFileReference; lastKnownFileType = sourcecode.c.objc; path = QDT_FilterTests.m; sourceTree = "<group>"; };
		7D4F20FF1E7797B9009DF742 /* Info.plist */ = {isa = PBXFileReference; lastKnownFileType = text.plist.xml; path = Info.plist; sourceTree = "<group>"; };
		7D4F21041E7797B9009DF742 /* QDT_FilterUITests.xctest */ = {isa = PBXFileReference; explicitFileType = wrapper.cfbundle; includeInIndex = 0; path = QDT_FilterUITests.xctest; sourceTree = BUILT_PRODUCTS_DIR; };
		7D4F21081E7797B9009DF742 /* QDT_FilterUITests.m */ = {isa = PBXFileReference; lastKnownFileType = sourcecode.c.objc; path = QDT_FilterUITests.m; sourceTree = "<group>"; };
		7D4F210A1E7797B9009DF742 /* Info.plist */ = {isa = PBXFileReference; lastKnownFileType = text.plist.xml; path = Info.plist; sourceTree = "<group>"; };
		7D4F21161E7797ED009DF742 /* Qdt_Filter.h */ = {isa = PBXFileReference; fileEncoding = 4; lastKnownFileType = sourcecode.c.h; path = Qdt_Filter.h; sourceTree = "<group>"; };
		7D4F21171E7797ED009DF742 /* Qdt_Filter.m */ = {isa = PBXFileReference; fileEncoding = 4; lastKnownFileType = sourcecode.c.objc; path = Qdt_Filter.m; sourceTree = "<group>"; };
		7D4F21191E77981E009DF742 /* Qdt_Filter.xib */ = {isa = PBXFileReference; fileEncoding = 4; lastKnownFileType = file.xib; path = Qdt_Filter.xib; sourceTree = "<group>"; };
		7D4F211B1E77BF1A009DF742 /* QdtFilterBaseModel.h */ = {isa = PBXFileReference; fileEncoding = 4; lastKnownFileType = sourcecode.c.h; path = QdtFilterBaseModel.h; sourceTree = "<group>"; };
		7D4F211C1E77BF1A009DF742 /* QdtFilterBaseModel.m */ = {isa = PBXFileReference; fileEncoding = 4; lastKnownFileType = sourcecode.c.objc; path = QdtFilterBaseModel.m; sourceTree = "<group>"; };
		7D4F211E1E77C50B009DF742 /* QdtFilterCategory.h */ = {isa = PBXFileReference; fileEncoding = 4; lastKnownFileType = sourcecode.c.h; path = QdtFilterCategory.h; sourceTree = "<group>"; };
		7D4F211F1E77C50B009DF742 /* QdtFilterCategory.m */ = {isa = PBXFileReference; fileEncoding = 4; lastKnownFileType = sourcecode.c.objc; path = QdtFilterCategory.m; sourceTree = "<group>"; };
/* End PBXFileReference section */

/* Begin PBXFrameworksBuildPhase section */
		7D4F20DD1E7797B9009DF742 /* Frameworks */ = {
			isa = PBXFrameworksBuildPhase;
			buildActionMask = 2147483647;
			files = (
			);
			runOnlyForDeploymentPostprocessing = 0;
		};
		7D4F20F61E7797B9009DF742 /* Frameworks */ = {
			isa = PBXFrameworksBuildPhase;
			buildActionMask = 2147483647;
			files = (
			);
			runOnlyForDeploymentPostprocessing = 0;
		};
		7D4F21011E7797B9009DF742 /* Frameworks */ = {
			isa = PBXFrameworksBuildPhase;
			buildActionMask = 2147483647;
			files = (
			);
			runOnlyForDeploymentPostprocessing = 0;
		};
/* End PBXFrameworksBuildPhase section */

/* Begin PBXGroup section */
		7D4F20D71E7797B9009DF742 = {
			isa = PBXGroup;
			children = (
				7D4F20E21E7797B9009DF742 /* QDT_Filter */,
				7D4F20FC1E7797B9009DF742 /* QDT_FilterTests */,
				7D4F21071E7797B9009DF742 /* QDT_FilterUITests */,
				7D4F20E11E7797B9009DF742 /* Products */,
			);
			sourceTree = "<group>";
		};
		7D4F20E11E7797B9009DF742 /* Products */ = {
			isa = PBXGroup;
			children = (
				7D4F20E01E7797B9009DF742 /* QDT_Filter.app */,
				7D4F20F91E7797B9009DF742 /* QDT_FilterTests.xctest */,
				7D4F21041E7797B9009DF742 /* QDT_FilterUITests.xctest */,
			);
			name = Products;
			sourceTree = "<group>";
		};
		7D4F20E21E7797B9009DF742 /* QDT_Filter */ = {
			isa = PBXGroup;
			children = (
				7D4F20E61E7797B9009DF742 /* AppDelegate.h */,
				7D4F20E71E7797B9009DF742 /* AppDelegate.m */,
				7D4F21161E7797ED009DF742 /* Qdt_Filter.h */,
				7D4F21171E7797ED009DF742 /* Qdt_Filter.m */,
				7D4F21191E77981E009DF742 /* Qdt_Filter.xib */,
				7D46A7B41E77F2B6005B0665 /* QdtFilterCollectionCell.h */,
				7D46A7B51E77F2B6005B0665 /* QdtFilterCollectionCell.m */,
				7D4F211E1E77C50B009DF742 /* QdtFilterCategory.h */,
				7D4F211F1E77C50B009DF742 /* QdtFilterCategory.m */,
				7D4F211B1E77BF1A009DF742 /* QdtFilterBaseModel.h */,
				7D4F211C1E77BF1A009DF742 /* QdtFilterBaseModel.m */,
				7D46A7B71E78CF2F005B0665 /* QdtFilterCollectionModel.h */,
				7D46A7B81E78CF2F005B0665 /* QdtFilterCollectionModel.m */,
				7D4F20E91E7797B9009DF742 /* ViewController.h */,
				7D4F20EA1E7797B9009DF742 /* ViewController.m */,
				7D4F20EC1E7797B9009DF742 /* Main.storyboard */,
				7D4F20EF1E7797B9009DF742 /* Assets.xcassets */,
				7D4F20F11E7797B9009DF742 /* LaunchScreen.storyboard */,
				7D4F20F41E7797B9009DF742 /* Info.plist */,
				7D46A7BA1E791288005B0665 /* customerfilter_dot@2x.png */,
				7D46A7BB1E791288005B0665 /* customerfilter_dot@3x.png */,
				7D46A7BC1E791288005B0665 /* customerfilter_multi_checked@2x.png */,
				7D46A7C81E7913B0005B0665 /* customerfilter_multi_checked@3x.png */,
				7D46A7BD1E791288005B0665 /* customerfilter_muti_unchecked@2x.png */,
				7D46A7BE1E791288005B0665 /* customerfilter_muti_unchecked@3x.png */,
				7D46A7BF1E791288005B0665 /* customerfilter_single_checked@2x.png */,
				7D46A7C01E791288005B0665 /* customerfilter_single_checked@3x.png */,
				7D4F20E31E7797B9009DF742 /* Supporting Files */,
			);
			path = QDT_Filter;
			sourceTree = "<group>";
		};
		7D4F20E31E7797B9009DF742 /* Supporting Files */ = {
			isa = PBXGroup;
			children = (
				7D4F20E41E7797B9009DF742 /* main.m */,
			);
			name = "Supporting Files";
			sourceTree = "<group>";
		};
		7D4F20FC1E7797B9009DF742 /* QDT_FilterTests */ = {
			isa = PBXGroup;
			children = (
				7D4F20FD1E7797B9009DF742 /* QDT_FilterTests.m */,
				7D4F20FF1E7797B9009DF742 /* Info.plist */,
			);
			path = QDT_FilterTests;
			sourceTree = "<group>";
		};
		7D4F21071E7797B9009DF742 /* QDT_FilterUITests */ = {
			isa = PBXGroup;
			children = (
				7D4F21081E7797B9009DF742 /* QDT_FilterUITests.m */,
				7D4F210A1E7797B9009DF742 /* Info.plist */,
			);
			path = QDT_FilterUITests;
			sourceTree = "<group>";
		};
/* End PBXGroup section */

/* Begin PBXNativeTarget section */
		7D4F20DF1E7797B9009DF742 /* QDT_Filter */ = {
			isa = PBXNativeTarget;
			buildConfigurationList = 7D4F210D1E7797B9009DF742 /* Build configuration list for PBXNativeTarget "QDT_Filter" */;
			buildPhases = (
				7D4F20DC1E7797B9009DF742 /* Sources */,
				7D4F20DD1E7797B9009DF742 /* Frameworks */,
				7D4F20DE1E7797B9009DF742 /* Resources */,
			);
			buildRules = (
			);
			dependencies = (
			);
			name = QDT_Filter;
			productName = QDT_Filter;
			productReference = 7D4F20E01E7797B9009DF742 /* QDT_Filter.app */;
			productType = "com.apple.product-type.application";
		};
		7D4F20F81E7797B9009DF742 /* QDT_FilterTests */ = {
			isa = PBXNativeTarget;
			buildConfigurationList = 7D4F21101E7797B9009DF742 /* Build configuration list for PBXNativeTarget "QDT_FilterTests" */;
			buildPhases = (
				7D4F20F51E7797B9009DF742 /* Sources */,
				7D4F20F61E7797B9009DF742 /* Frameworks */,
				7D4F20F71E7797B9009DF742 /* Resources */,
			);
			buildRules = (
			);
			dependencies = (
				7D4F20FB1E7797B9009DF742 /* PBXTargetDependency */,
			);
			name = QDT_FilterTests;
			productName = QDT_FilterTests;
			productReference = 7D4F20F91E7797B9009DF742 /* QDT_FilterTests.xctest */;
			productType = "com.apple.product-type.bundle.unit-test";
		};
		7D4F21031E7797B9009DF742 /* QDT_FilterUITests */ = {
			isa = PBXNativeTarget;
			buildConfigurationList = 7D4F21131E7797B9009DF742 /* Build configuration list for PBXNativeTarget "QDT_FilterUITests" */;
			buildPhases = (
				7D4F21001E7797B9009DF742 /* Sources */,
				7D4F21011E7797B9009DF742 /* Frameworks */,
				7D4F21021E7797B9009DF742 /* Resources */,
			);
			buildRules = (
			);
			dependencies = (
				7D4F21061E7797B9009DF742 /* PBXTargetDependency */,
			);
			name = QDT_FilterUITests;
			productName = QDT_FilterUITests;
			productReference = 7D4F21041E7797B9009DF742 /* QDT_FilterUITests.xctest */;
			productType = "com.apple.product-type.bundle.ui-testing";
		};
/* End PBXNativeTarget section */

/* Begin PBXProject section */
		7D4F20D81E7797B9009DF742 /* Project object */ = {
			isa = PBXProject;
			attributes = {
				LastUpgradeCheck = 0820;
				ORGANIZATIONNAME = qiuzijie;
				TargetAttributes = {
					7D4F20DF1E7797B9009DF742 = {
						CreatedOnToolsVersion = 8.2.1;
						DevelopmentTeam = 24T996A2DD;
						ProvisioningStyle = Automatic;
					};
					7D4F20F81E7797B9009DF742 = {
						CreatedOnToolsVersion = 8.2.1;
						ProvisioningStyle = Automatic;
						TestTargetID = 7D4F20DF1E7797B9009DF742;
					};
					7D4F21031E7797B9009DF742 = {
						CreatedOnToolsVersion = 8.2.1;
						ProvisioningStyle = Automatic;
						TestTargetID = 7D4F20DF1E7797B9009DF742;
					};
				};
			};
			buildConfigurationList = 7D4F20DB1E7797B9009DF742 /* Build configuration list for PBXProject "QDT_Filter" */;
			compatibilityVersion = "Xcode 3.2";
			developmentRegion = English;
			hasScannedForEncodings = 0;
			knownRegions = (
				en,
				Base,
			);
			mainGroup = 7D4F20D71E7797B9009DF742;
			productRefGroup = 7D4F20E11E7797B9009DF742 /* Products */;
			projectDirPath = "";
			projectRoot = "";
			targets = (
				7D4F20DF1E7797B9009DF742 /* QDT_Filter */,
				7D4F20F81E7797B9009DF742 /* QDT_FilterTests */,
				7D4F21031E7797B9009DF742 /* QDT_FilterUITests */,
			);
		};
/* End PBXProject section */

/* Begin PBXResourcesBuildPhase section */
		7D4F20DE1E7797B9009DF742 /* Resources */ = {
			isa = PBXResourcesBuildPhase;
			buildActionMask = 2147483647;
			files = (
				7D46A7C31E791288005B0665 /* customerfilter_multi_checked@2x.png in Resources */,
				7D46A7C71E791288005B0665 /* customerfilter_single_checked@3x.png in Resources */,
				7D46A7C51E791288005B0665 /* customerfilter_muti_unchecked@3x.png in Resources */,
				7D46A7C91E7913B0005B0665 /* customerfilter_multi_checked@3x.png in Resources */,
				7D46A7C11E791288005B0665 /* customerfilter_dot@2x.png in Resources */,
				7D4F20F31E7797B9009DF742 /* LaunchScreen.storyboard in Resources */,
				7D46A7C41E791288005B0665 /* customerfilter_muti_unchecked@2x.png in Resources */,
				7D4F211A1E77981E009DF742 /* Qdt_Filter.xib in Resources */,
				7D46A7C21E791288005B0665 /* customerfilter_dot@3x.png in Resources */,
				7D4F20F01E7797B9009DF742 /* Assets.xcassets in Resources */,
				7D46A7C61E791288005B0665 /* customerfilter_single_checked@2x.png in Resources */,
				7D4F20EE1E7797B9009DF742 /* Main.storyboard in Resources */,
			);
			runOnlyForDeploymentPostprocessing = 0;
		};
		7D4F20F71E7797B9009DF742 /* Resources */ = {
			isa = PBXResourcesBuildPhase;
			buildActionMask = 2147483647;
			files = (
			);
			runOnlyForDeploymentPostprocessing = 0;
		};
		7D4F21021E7797B9009DF742 /* Resources */ = {
			isa = PBXResourcesBuildPhase;
			buildActionMask = 2147483647;
			files = (
			);
			runOnlyForDeploymentPostprocessing = 0;
		};
/* End PBXResourcesBuildPhase section */

/* Begin PBXSourcesBuildPhase section */
		7D4F20DC1E7797B9009DF742 /* Sources */ = {
			isa = PBXSourcesBuildPhase;
			buildActionMask = 2147483647;
			files = (
				7D46A7B61E77F2B6005B0665 /* QdtFilterCollectionCell.m in Sources */,
				7D4F211D1E77BF1A009DF742 /* QdtFilterBaseModel.m in Sources */,
				7D46A7B91E78CF2F005B0665 /* QdtFilterCollectionModel.m in Sources */,
				7D4F20EB1E7797B9009DF742 /* ViewController.m in Sources */,
				7D4F21181E7797ED009DF742 /* Qdt_Filter.m in Sources */,
				7D4F20E81E7797B9009DF742 /* AppDelegate.m in Sources */,
				7D4F20E51E7797B9009DF742 /* main.m in Sources */,
				7D4F21201E77C50B009DF742 /* QdtFilterCategory.m in Sources */,
			);
			runOnlyForDeploymentPostprocessing = 0;
		};
		7D4F20F51E7797B9009DF742 /* Sources */ = {
			isa = PBXSourcesBuildPhase;
			buildActionMask = 2147483647;
			files = (
				7D4F20FE1E7797B9009DF742 /* QDT_FilterTests.m in Sources */,
			);
			runOnlyForDeploymentPostprocessing = 0;
		};
		7D4F21001E7797B9009DF742 /* Sources */ = {
			isa = PBXSourcesBuildPhase;
			buildActionMask = 2147483647;
			files = (
				7D4F21091E7797B9009DF742 /* QDT_FilterUITests.m in Sources */,
			);
			runOnlyForDeploymentPostprocessing = 0;
		};
/* End PBXSourcesBuildPhase section */

/* Begin PBXTargetDependency section */
		7D4F20FB1E7797B9009DF742 /* PBXTargetDependency */ = {
			isa = PBXTargetDependency;
			target = 7D4F20DF1E7797B9009DF742 /* QDT_Filter */;
			targetProxy = 7D4F20FA1E7797B9009DF742 /* PBXContainerItemProxy */;
		};
		7D4F21061E7797B9009DF742 /* PBXTargetDependency */ = {
			isa = PBXTargetDependency;
			target = 7D4F20DF1E7797B9009DF742 /* QDT_Filter */;
			targetProxy = 7D4F21051E7797B9009DF742 /* PBXContainerItemProxy */;
		};
/* End PBXTargetDependency section */

/* Begin PBXVariantGroup section */
		7D4F20EC1E7797B9009DF742 /* Main.storyboard */ = {
			isa = PBXVariantGroup;
			children = (
				7D4F20ED1E7797B9009DF742 /* Base */,
			);
			name = Main.storyboard;
			sourceTree = "<group>";
		};
		7D4F20F11E7797B9009DF742 /* LaunchScreen.storyboard */ = {
			isa = PBXVariantGroup;
			children = (
				7D4F20F21E7797B9009DF742 /* Base */,
			);
			name = LaunchScreen.storyboard;
			sourceTree = "<group>";
		};
/* End PBXVariantGroup section */

/* Begin XCBuildConfiguration section */
		7D4F210B1E7797B9009DF742 /* Debug */ = {
			isa = XCBuildConfiguration;
			buildSettings = {
				ALWAYS_SEARCH_USER_PATHS = NO;
				CLANG_ANALYZER_NONNULL = YES;
				CLANG_CXX_LANGUAGE_STANDARD = "gnu++0x";
				CLANG_CXX_LIBRARY = "libc++";
				CLANG_ENABLE_MODULES = YES;
				CLANG_ENABLE_OBJC_ARC = YES;
				CLANG_WARN_BOOL_CONVERSION = YES;
				CLANG_WARN_CONSTANT_CONVERSION = YES;
				CLANG_WARN_DIRECT_OBJC_ISA_USAGE = YES_ERROR;
				CLANG_WARN_DOCUMENTATION_COMMENTS = YES;
				CLANG_WARN_EMPTY_BODY = YES;
				CLANG_WARN_ENUM_CONVERSION = YES;
				CLANG_WARN_INFINITE_RECURSION = YES;
				CLANG_WARN_INT_CONVERSION = YES;
				CLANG_WARN_OBJC_ROOT_CLASS = YES_ERROR;
				CLANG_WARN_SUSPICIOUS_MOVE = YES;
				CLANG_WARN_UNREACHABLE_CODE = YES;
				CLANG_WARN__DUPLICATE_METHOD_MATCH = YES;
				"CODE_SIGN_IDENTITY[sdk=iphoneos*]" = "iPhone Developer";
				COPY_PHASE_STRIP = NO;
				DEBUG_INFORMATION_FORMAT = dwarf;
				ENABLE_STRICT_OBJC_MSGSEND = YES;
				ENABLE_TESTABILITY = YES;
				GCC_C_LANGUAGE_STANDARD = gnu99;
				GCC_DYNAMIC_NO_PIC = NO;
				GCC_NO_COMMON_BLOCKS = YES;
				GCC_OPTIMIZATION_LEVEL = 0;
				GCC_PREPROCESSOR_DEFINITIONS = (
					"DEBUG=1",
					"$(inherited)",
				);
				GCC_WARN_64_TO_32_BIT_CONVERSION = YES;
				GCC_WARN_ABOUT_RETURN_TYPE = YES_ERROR;
				GCC_WARN_UNDECLARED_SELECTOR = YES;
				GCC_WARN_UNINITIALIZED_AUTOS = YES_AGGRESSIVE;
				GCC_WARN_UNUSED_FUNCTION = YES;
				GCC_WARN_UNUSED_VARIABLE = YES;
				IPHONEOS_DEPLOYMENT_TARGET = 10.2;
				MTL_ENABLE_DEBUG_INFO = YES;
				ONLY_ACTIVE_ARCH = YES;
				SDKROOT = iphoneos;
			};
			name = Debug;
		};
		7D4F210C1E7797B9009DF742 /* Release */ = {
			isa = XCBuildConfiguration;
			buildSettings = {
				ALWAYS_SEARCH_USER_PATHS = NO;
				CLANG_ANALYZER_NONNULL = YES;
				CLANG_CXX_LANGUAGE_STANDARD = "gnu++0x";
				CLANG_CXX_LIBRARY = "libc++";
				CLANG_ENABLE_MODULES = YES;
				CLANG_ENABLE_OBJC_ARC = YES;
				CLANG_WARN_BOOL_CONVERSION = YES;
				CLANG_WARN_CONSTANT_CONVERSION = YES;
				CLANG_WARN_DIRECT_OBJC_ISA_USAGE = YES_ERROR;
				CLANG_WARN_DOCUMENTATION_COMMENTS = YES;
				CLANG_WARN_EMPTY_BODY = YES;
				CLANG_WARN_ENUM_CONVERSION = YES;
				CLANG_WARN_INFINITE_RECURSION = YES;
				CLANG_WARN_INT_CONVERSION = YES;
				CLANG_WARN_OBJC_ROOT_CLASS = YES_ERROR;
				CLANG_WARN_SUSPICIOUS_MOVE = YES;
				CLANG_WARN_UNREACHABLE_CODE = YES;
				CLANG_WARN__DUPLICATE_METHOD_MATCH = YES;
				"CODE_SIGN_IDENTITY[sdk=iphoneos*]" = "iPhone Developer";
				COPY_PHASE_STRIP = NO;
				DEBUG_INFORMATION_FORMAT = "dwarf-with-dsym";
				ENABLE_NS_ASSERTIONS = NO;
				ENABLE_STRICT_OBJC_MSGSEND = YES;
				GCC_C_LANGUAGE_STANDARD = gnu99;
				GCC_NO_COMMON_BLOCKS = YES;
				GCC_WARN_64_TO_32_BIT_CONVERSION = YES;
				GCC_WARN_ABOUT_RETURN_TYPE = YES_ERROR;
				GCC_WARN_UNDECLARED_SELECTOR = YES;
				GCC_WARN_UNINITIALIZED_AUTOS = YES_AGGRESSIVE;
				GCC_WARN_UNUSED_FUNCTION = YES;
				GCC_WARN_UNUSED_VARIABLE = YES;
				IPHONEOS_DEPLOYMENT_TARGET = 10.2;
				MTL_ENABLE_DEBUG_INFO = NO;
				SDKROOT = iphoneos;
				VALIDATE_PRODUCT = YES;
			};
			name = Release;
		};
		7D4F210E1E7797B9009DF742 /* Debug */ = {
			isa = XCBuildConfiguration;
			buildSettings = {
				ASSETCATALOG_COMPILER_APPICON_NAME = AppIcon;
				DEVELOPMENT_TEAM = 24T996A2DD;
				INFOPLIST_FILE = QDT_Filter/Info.plist;
				LD_RUNPATH_SEARCH_PATHS = "$(inherited) @executable_path/Frameworks";
				PRODUCT_BUNDLE_IDENTIFIER = "com.qiuzijie.QDT-Filter";
				PRODUCT_NAME = "$(TARGET_NAME)";
			};
			name = Debug;
		};
		7D4F210F1E7797B9009DF742 /* Release */ = {
			isa = XCBuildConfiguration;
			buildSettings = {
				ASSETCATALOG_COMPILER_APPICON_NAME = AppIcon;
				DEVELOPMENT_TEAM = 24T996A2DD;
				INFOPLIST_FILE = QDT_Filter/Info.plist;
				LD_RUNPATH_SEARCH_PATHS = "$(inherited) @executable_path/Frameworks";
				PRODUCT_BUNDLE_IDENTIFIER = "com.qiuzijie.QDT-Filter";
				PRODUCT_NAME = "$(TARGET_NAME)";
			};
			name = Release;
		};
		7D4F21111E7797B9009DF742 /* Debug */ = {
			isa = XCBuildConfiguration;
			buildSettings = {
				BUNDLE_LOADER = "$(TEST_HOST)";
				INFOPLIST_FILE = QDT_FilterTests/Info.plist;
				LD_RUNPATH_SEARCH_PATHS = "$(inherited) @executable_path/Frameworks @loader_path/Frameworks";
				PRODUCT_BUNDLE_IDENTIFIER = "com.qiuzijie.QDT-FilterTests";
				PRODUCT_NAME = "$(TARGET_NAME)";
				TEST_HOST = "$(BUILT_PRODUCTS_DIR)/QDT_Filter.app/QDT_Filter";
			};
			name = Debug;
		};
		7D4F21121E7797B9009DF742 /* Release */ = {
			isa = XCBuildConfiguration;
			buildSettings = {
				BUNDLE_LOADER = "$(TEST_HOST)";
				INFOPLIST_FILE = QDT_FilterTests/Info.plist;
				LD_RUNPATH_SEARCH_PATHS = "$(inherited) @executable_path/Frameworks @loader_path/Frameworks";
				PRODUCT_BUNDLE_IDENTIFIER = "com.qiuzijie.QDT-FilterTests";
				PRODUCT_NAME = "$(TARGET_NAME)";
				TEST_HOST = "$(BUILT_PRODUCTS_DIR)/QDT_Filter.app/QDT_Filter";
			};
			name = Release;
		};
		7D4F21141E7797B9009DF742 /* Debug */ = {
			isa = XCBuildConfiguration;
			buildSettings = {
				INFOPLIST_FILE = QDT_FilterUITests/Info.plist;
				LD_RUNPATH_SEARCH_PATHS = "$(inherited) @executable_path/Frameworks @loader_path/Frameworks";
				PRODUCT_BUNDLE_IDENTIFIER = "com.qiuzijie.QDT-FilterUITests";
				PRODUCT_NAME = "$(TARGET_NAME)";
				TEST_TARGET_NAME = QDT_Filter;
			};
			name = Debug;
		};
		7D4F21151E7797B9009DF742 /* Release */ = {
			isa = XCBuildConfiguration;
			buildSettings = {
				INFOPLIST_FILE = QDT_FilterUITests/Info.plist;
				LD_RUNPATH_SEARCH_PATHS = "$(inherited) @executable_path/Frameworks @loader_path/Frameworks";
				PRODUCT_BUNDLE_IDENTIFIER = "com.qiuzijie.QDT-FilterUITests";
				PRODUCT_NAME = "$(TARGET_NAME)";
				TEST_TARGET_NAME = QDT_Filter;
			};
			name = Release;
		};
/* End XCBuildConfiguration section */

/* Begin XCConfigurationList section */
		7D4F20DB1E7797B9009DF742 /* Build configuration list for PBXProject "QDT_Filter" */ = {
			isa = XCConfigurationList;
			buildConfigurations = (
				7D4F210B1E7797B9009DF742 /* Debug */,
				7D4F210C1E7797B9009DF742 /* Release */,
			);
			defaultConfigurationIsVisible = 0;
			defaultConfigurationName = Release;
		};
		7D4F210D1E7797B9009DF742 /* Build configuration list for PBXNativeTarget "QDT_Filter" */ = {
			isa = XCConfigurationList;
			buildConfigurations = (
				7D4F210E1E7797B9009DF742 /* Debug */,
				7D4F210F1E7797B9009DF742 /* Release */,
			);
			defaultConfigurationIsVisible = 0;
			defaultConfigurationName = Release;
		};
		7D4F21101E7797B9009DF742 /* Build configuration list for PBXNativeTarget "QDT_FilterTests" */ = {
			isa = XCConfigurationList;
			buildConfigurations = (
				7D4F21111E7797B9009DF742 /* Debug */,
				7D4F21121E7797B9009DF742 /* Release */,
			);
			defaultConfigurationIsVisible = 0;
			defaultConfigurationName = Release;
		};
		7D4F21131E7797B9009DF742 /* Build configuration list for PBXNativeTarget "QDT_FilterUITests" */ = {
			isa = XCConfigurationList;
			buildConfigurations = (
				7D4F21141E7797B9009DF742 /* Debug */,
				7D4F21151E7797B9009DF742 /* Release */,
			);
			defaultConfigurationIsVisible = 0;
			defaultConfigurationName = Release;
		};
/* End XCConfigurationList section */
	};
	rootObject = 7D4F20D81E7797B9009DF742 /* Project object */;
}
